
Microsoft Visual Studio Solution File, Format Version 12.00
# Visual Studio Version 16
VisualStudioVersion = 16.0.29503.13
MinimumVisualStudioVersion = 10.0.40219.1
Project("{FAE04EC0-301F-11D3-BF4B-00C04F79EFBC}") = "Delegates", "Delegates\Delegates.csproj", "{12ECD60A-2C16-4BEB-9203-D5E9AA7B134F}"
EndProject
Project("{FAE04EC0-301F-11D3-BF4B-00C04F79EFBC}") = "Generics", "Generics\Generics.csproj", "{EFD6AC3A-320D-4B98-802B-01330E0930C0}"
EndProject
Global
	GlobalSection(SolutionConfigurationPlatforms) = preSolution
		Debug|Any CPU = Debug|Any CPU
		Release|Any CPU = Release|Any CPU
	EndGlobalSection
	GlobalSection(ProjectConfigurationPlatforms) = postSolution
		{12ECD60A-2C16-4BEB-9203-D5E9AA7B134F}.Debug|Any CPU.ActiveCfg = Debug|Any CPU
		{12ECD60A-2C16-4BEB-9203-D5E9AA7B134F}.Debug|Any CPU.Build.0 = Debug|Any CPU
		{12ECD60A-2C16-4BEB-9203-D5E9AA7B134F}.Release|Any CPU.ActiveCfg = Release|Any CPU
		{12ECD60A-2C16-4BEB-9203-D5E9AA7B134F}.Release|Any CPU.Build.0 = Release|Any CPU
		{EFD6AC3A-320D-4B98-802B-01330E0930C0}.Debug|Any CPU.ActiveCfg = Debug|Any CPU
		{EFD6AC3A-320D-4B98-802B-01330E0930C0}.Debug|Any CPU.Build.0 = Debug|Any CPU
		{EFD6AC3A-320D-4B98-802B-01330E0930C0}.Release|Any CPU.ActiveCfg = Release|Any CPU
		{EFD6AC3A-320D-4B98-802B-01330E0930C0}.Release|Any CPU.Build.0 = Release|Any CPU
	EndGlobalSection
	GlobalSection(SolutionProperties) = preSolution
		HideSolutionNode = FALSE
	EndGlobalSection
	GlobalSection(ExtensibilityGlobals) = postSolution
		SolutionGuid = {F25AD55A-6714-4E3C-834B-31290766AC2D}
	EndGlobalSection
EndGlobal
